
Microsoft Visual Studio Solution File, Format Version 12.00
# Visual Studio Version 17
VisualStudioVersion = 17.6.33815.320
MinimumVisualStudioVersion = 10.0.40219.1
Project("{FAE04EC0-301F-11D3-BF4B-00C04F79EFBC}") = "WebApiPocotop", "WebApiPocotop.csproj", "{34BD3B36-7988-4720-B2C0-1AB9F556DCE0}"
EndProject
Project("{FAE04EC0-301F-11D3-BF4B-00C04F79EFBC}") = "Models", "..\Models\Models.csproj", "{4EB27F75-B68C-4A47-A1CA-F968A1267CB6}"
EndProject
Project("{FAE04EC0-301F-11D3-BF4B-00C04F79EFBC}") = "Repositories", "..\Repositories\Repositories.csproj", "{E412002E-25F5-49CE-A0C7-F1B385626406}"
EndProject
Project("{FAE04EC0-301F-11D3-BF4B-00C04F79EFBC}") = "Logger", "..\Logger\Logger.csproj", "{6D66309F-BBAB-4CD4-873B-D6610D3C9576}"
EndProject
Global
	GlobalSection(SolutionConfigurationPlatforms) = preSolution
		Debug|Any CPU = Debug|Any CPU
		Release|Any CPU = Release|Any CPU
	EndGlobalSection
	GlobalSection(ProjectConfigurationPlatforms) = postSolution
		{34BD3B36-7988-4720-B2C0-1AB9F556DCE0}.Debug|Any CPU.ActiveCfg = Debug|Any CPU
		{34BD3B36-7988-4720-B2C0-1AB9F556DCE0}.Debug|Any CPU.Build.0 = Debug|Any CPU
		{34BD3B36-7988-4720-B2C0-1AB9F556DCE0}.Release|Any CPU.ActiveCfg = Release|Any CPU
		{34BD3B36-7988-4720-B2C0-1AB9F556DCE0}.Release|Any CPU.Build.0 = Release|Any CPU
		{4EB27F75-B68C-4A47-A1CA-F968A1267CB6}.Debug|Any CPU.ActiveCfg = Debug|Any CPU
		{4EB27F75-B68C-4A47-A1CA-F968A1267CB6}.Debug|Any CPU.Build.0 = Debug|Any CPU
		{4EB27F75-B68C-4A47-A1CA-F968A1267CB6}.Release|Any CPU.ActiveCfg = Release|Any CPU
		{4EB27F75-B68C-4A47-A1CA-F968A1267CB6}.Release|Any CPU.Build.0 = Release|Any CPU
		{E412002E-25F5-49CE-A0C7-F1B385626406}.Debug|Any CPU.ActiveCfg = Debug|Any CPU
		{E412002E-25F5-49CE-A0C7-F1B385626406}.Debug|Any CPU.Build.0 = Debug|Any CPU
		{E412002E-25F5-49CE-A0C7-F1B385626406}.Release|Any CPU.ActiveCfg = Release|Any CPU
		{E412002E-25F5-49CE-A0C7-F1B385626406}.Release|Any CPU.Build.0 = Release|Any CPU
		{6D66309F-BBAB-4CD4-873B-D6610D3C9576}.Debug|Any CPU.ActiveCfg = Debug|Any CPU
		{6D66309F-BBAB-4CD4-873B-D6610D3C9576}.Debug|Any CPU.Build.0 = Debug|Any CPU
		{6D66309F-BBAB-4CD4-873B-D6610D3C9576}.Release|Any CPU.ActiveCfg = Release|Any CPU
		{6D66309F-BBAB-4CD4-873B-D6610D3C9576}.Release|Any CPU.Build.0 = Release|Any CPU
	EndGlobalSection
	GlobalSection(SolutionProperties) = preSolution
		HideSolutionNode = FALSE
	EndGlobalSection
	GlobalSection(ExtensibilityGlobals) = postSolution
		SolutionGuid = {E24D933D-83A2-406E-9014-59CA216F652F}
	EndGlobalSection
EndGlobal
